<?xml version="1.0" encoding="utf-8"?>
<Project ToolsVersion="4.0" xmlns="http://schemas.microsoft.com/developer/msbuild/2003">
  <ItemGroup>
    <Filter Include="소스 파일">
      <UniqueIdentifier>{4FC737F1-C7A5-4376-A066-2A32D752A2FF}</UniqueIdentifier>
      <Extensions>cpp;c;cc;cxx;c++;def;odl;idl;hpj;bat;asm;asmx</Extensions>
    </Filter>
    <Filter Include="헤더 파일">
      <UniqueIdentifier>{93995380-89BD-4b04-88EB-625FBE52EBFB}</UniqueIdentifier>
      <Extensions>h;hh;hpp;hxx;h++;hm;inl;inc;ipp;xsd</Extensions>
    </Filter>
    <Filter Include="리소스 파일">
      <UniqueIdentifier>{67DA6AB6-F800-4c08-8B7A-83BB121AAD01}</UniqueIdentifier>
      <Extensions>rc;ico;cur;bmp;dlg;rc2;rct;bin;rgs;gif;jpg;jpeg;jpe;resx;tiff;tif;png;wav;mfcribbon-ms</Extensions>
    </Filter>
    <Filter Include="헤더 파일\other">
      <UniqueIdentifier>{95ebf200-bc9d-4da3-a5bb-21ef64edf785}</UniqueIdentifier>
    </Filter>
    <Filter Include="헤더 파일\Manager">
      <UniqueIdentifier>{77b8236d-177e-41f0-98fd-4ede757bf1bc}</UniqueIdentifier>
    </Filter>
    <Filter Include="소스 파일\Manager">
      <UniqueIdentifier>{0e41bbac-6f56-4356-b412-0fe10ef88f1b}</UniqueIdentifier>
    </Filter>
    <Filter Include="소스 파일\Stage">
      <UniqueIdentifier>{568fbd73-0dfb-4836-8046-762eb5a98ca2}</UniqueIdentifier>
    </Filter>
    <Filter Include="헤더 파일\Stage">
      <UniqueIdentifier>{d42faf7e-3bd5-4d24-8dd9-26b24e5d6315}</UniqueIdentifier>
    </Filter>
    <Filter Include="소스 파일\background">
      <UniqueIdentifier>{73ada90a-08d3-446b-9385-4912a9b505bc}</UniqueIdentifier>
    </Filter>
    <Filter Include="소스 파일\player">
      <UniqueIdentifier>{0d7ad8dc-9efc-469a-b59b-665fb6f22fd1}</UniqueIdentifier>
    </Filter>
    <Filter Include="헤더 파일\player">
      <UniqueIdentifier>{2083788b-df3a-4116-a85e-b6edc8b50ddb}</UniqueIdentifier>
    </Filter>
    <Filter Include="헤더 파일\background">
      <UniqueIdentifier>{c0c57925-f50c-4caf-95e2-b307f84c2f9e}</UniqueIdentifier>
    </Filter>
    <Filter Include="소스 파일\enemy">
      <UniqueIdentifier>{706238f5-b644-491f-847b-6feefadea2fe}</UniqueIdentifier>
    </Filter>
    <Filter Include="헤더 파일\enemy">
      <UniqueIdentifier>{db083cf4-e51f-462b-8abc-91043e83a77d}</UniqueIdentifier>
    </Filter>
  </ItemGroup>
  <ItemGroup>
    <ClInclude Include="Game_1.h">
      <Filter>헤더 파일</Filter>
    </ClInclude>
    <ClInclude Include="global.h">
      <Filter>헤더 파일</Filter>
    </ClInclude>
    <ClInclude Include="framework.h">
      <Filter>헤더 파일\other</Filter>
    </ClInclude>
    <ClInclude Include="Resource.h">
      <Filter>헤더 파일\other</Filter>
    </ClInclude>
    <ClInclude Include="targetver.h">
      <Filter>헤더 파일\other</Filter>
    </ClInclude>
    <ClInclude Include="InputManager.h">
      <Filter>헤더 파일\Manager</Filter>
    </ClInclude>
    <ClInclude Include="TextureManager.h">
      <Filter>헤더 파일\Manager</Filter>
    </ClInclude>
    <ClInclude Include="StageManager.h">
      <Filter>헤더 파일\Manager</Filter>
    </ClInclude>
    <ClInclude Include="TitleStage.h">
      <Filter>헤더 파일\Stage</Filter>
    </ClInclude>
    <ClInclude Include="NewStage.h">
      <Filter>헤더 파일\Stage</Filter>
    </ClInclude>
    <ClInclude Include="GameStat.h">
      <Filter>헤더 파일</Filter>
    </ClInclude>
    <ClInclude Include="MainStage.h">
      <Filter>헤더 파일\Stage</Filter>
    </ClInclude>
    <ClInclude Include="LoadStage.h">
      <Filter>헤더 파일\Stage</Filter>
    </ClInclude>
    <ClInclude Include="Stage.h">
      <Filter>헤더 파일\Stage</Filter>
    </ClInclude>
    <ClInclude Include="MiniGameStage.h">
      <Filter>헤더 파일\Stage</Filter>
    </ClInclude>
    <ClInclude Include="MiniGameRunStage.h">
      <Filter>헤더 파일\Stage</Filter>
    </ClInclude>
    <ClInclude Include="runBackground.h">
      <Filter>헤더 파일\background</Filter>
    </ClInclude>
    <ClInclude Include="Player.h">
      <Filter>헤더 파일\player</Filter>
    </ClInclude>
    <ClInclude Include="runPlayer.h">
      <Filter>헤더 파일\player</Filter>
    </ClInclude>
    <ClInclude Include="runEnemy_1.h">
      <Filter>헤더 파일\enemy</Filter>
    </ClInclude>
    <ClInclude Include="enemy.h">
      <Filter>헤더 파일\enemy</Filter>
    </ClInclude>
    <ClInclude Include="gameEntityManager.h">
      <Filter>헤더 파일\Manager</Filter>
    </ClInclude>
    <ClInclude Include="gamePlay_director.h">
      <Filter>헤더 파일</Filter>
    </ClInclude>
    <ClInclude Include="runEnemy_2.h">
      <Filter>헤더 파일\enemy</Filter>
    </ClInclude>
    <ClInclude Include="runEnemy_3.h">
      <Filter>헤더 파일\enemy</Filter>
    </ClInclude>
    <ClInclude Include="math_manager.h">
      <Filter>헤더 파일\Manager</Filter>
    </ClInclude>
    <ClInclude Include="runStage_ui.h">
      <Filter>헤더 파일\Stage</Filter>
    </ClInclude>
    <ClInclude Include="runEnemy_4.h">
      <Filter>헤더 파일\enemy</Filter>
    </ClInclude>
    <ClInclude Include="gameOver.h">
      <Filter>헤더 파일\Stage</Filter>
    </ClInclude>
    <ClInclude Include="MiniGameDirectionStage.h">
      <Filter>헤더 파일\Stage</Filter>
    </ClInclude>
    <ClInclude Include="directionPlayer.h">
      <Filter>헤더 파일\player</Filter>
    </ClInclude>
  </ItemGroup>
  <ItemGroup>
    <ClCompile Include="Game_1.cpp">
      <Filter>소스 파일</Filter>
    </ClCompile>
    <ClCompile Include="TextureManager.cpp">
      <Filter>소스 파일\Manager</Filter>
    </ClCompile>
    <ClCompile Include="StageManager.cpp">
      <Filter>소스 파일\Manager</Filter>
    </ClCompile>
    <ClCompile Include="Cat.h">
      <Filter>헤더 파일</Filter>
    </ClCompile>
    <ClCompile Include="GameStat.cpp">
      <Filter>소스 파일</Filter>
    </ClCompile>
    <ClCompile Include="LoadStage.cpp">
      <Filter>소스 파일\Stage</Filter>
    </ClCompile>
    <ClCompile Include="MainStage.cpp">
      <Filter>소스 파일\Stage</Filter>
    </ClCompile>
    <ClCompile Include="MiniGameStage.cpp">
      <Filter>소스 파일\Stage</Filter>
    </ClCompile>
    <ClCompile Include="MiniGameRunStage.cpp">
      <Filter>소스 파일\Stage</Filter>
    </ClCompile>
    <ClCompile Include="runBackground.cpp">
      <Filter>소스 파일\background</Filter>
    </ClCompile>
    <ClCompile Include="player.cpp">
      <Filter>소스 파일\player</Filter>
    </ClCompile>
    <ClCompile Include="runPlayer.cpp">
      <Filter>소스 파일\player</Filter>
    </ClCompile>
    <ClCompile Include="runEnemyManager.cpp">
      <Filter>소스 파일\Manager</Filter>
    </ClCompile>
    <ClCompile Include="runEnemy_1.cpp">
      <Filter>소스 파일\enemy</Filter>
    </ClCompile>
    <ClCompile Include="gamePlay_director.cpp">
      <Filter>소스 파일</Filter>
    </ClCompile>
    <ClCompile Include="runEnemy_2.cpp">
      <Filter>소스 파일\enemy</Filter>
    </ClCompile>
    <ClCompile Include="runEnemy_3.cpp">
      <Filter>소스 파일\enemy</Filter>
    </ClCompile>
    <ClCompile Include="math_manager.cpp">
      <Filter>소스 파일\Manager</Filter>
    </ClCompile>
    <ClCompile Include="runStage_ui.cpp">
      <Filter>소스 파일\Stage</Filter>
    </ClCompile>
    <ClCompile Include="gameEntityManager.cpp">
      <Filter>소스 파일\Manager</Filter>
    </ClCompile>
    <ClCompile Include="runEnemy_4.cpp">
      <Filter>소스 파일\enemy</Filter>
    </ClCompile>
    <ClCompile Include="gameOver.cpp">
      <Filter>소스 파일\Stage</Filter>
    </ClCompile>
    <ClCompile Include="MiniGameDirectionStage.cpp">
      <Filter>소스 파일\Stage</Filter>
    </ClCompile>
    <ClCompile Include="titleStage.cpp">
      <Filter>소스 파일\Stage</Filter>
    </ClCompile>
    <ClCompile Include="newStage.cpp">
      <Filter>소스 파일\Stage</Filter>
    </ClCompile>
    <ClCompile Include="directionPlayer.cpp">
      <Filter>소스 파일\player</Filter>
    </ClCompile>
  </ItemGroup>
  <ItemGroup>
    <ResourceCompile Include="Game_1.rc">
      <Filter>리소스 파일</Filter>
    </ResourceCompile>
  </ItemGroup>
  <ItemGroup>
    <Image Include="small.ico">
      <Filter>리소스 파일</Filter>
    </Image>
    <Image Include="Game_1.ico">
      <Filter>리소스 파일</Filter>
    </Image>
  </ItemGroup>
</Project>